
Microsoft Visual Studio Solution File, Format Version 12.00
# Visual Studio 15
VisualStudioVersion = 15.0.27130.2010
MinimumVisualStudioVersion = 10.0.40219.1
Project("{8BC9CEB8-8B4A-11D0-8D11-00A0C91BC942}") = "CIS308 Lab4", "CIS308 Lab4\CIS308 Lab4.vcxproj", "{97BA5F6C-21A6-44CA-BCBE-8106B2B5D890}"
EndProject
Global
	GlobalSection(SolutionConfigurationPlatforms) = preSolution
		Debug|x64 = Debug|x64
		Debug|x86 = Debug|x86
		Release|x64 = Release|x64
		Release|x86 = Release|x86
	EndGlobalSection
	GlobalSection(ProjectConfigurationPlatforms) = postSolution
		{97BA5F6C-21A6-44CA-BCBE-8106B2B5D890}.Debug|x64.ActiveCfg = Debug|x64
		{97BA5F6C-21A6-44CA-BCBE-8106B2B5D890}.Debug|x64.Build.0 = Debug|x64
		{97BA5F6C-21A6-44CA-BCBE-8106B2B5D890}.Debug|x86.ActiveCfg = Debug|Win32
		{97BA5F6C-21A6-44CA-BCBE-8106B2B5D890}.Debug|x86.Build.0 = Debug|Win32
		{97BA5F6C-21A6-44CA-BCBE-8106B2B5D890}.Release|x64.ActiveCfg = Release|x64
		{97BA5F6C-21A6-44CA-BCBE-8106B2B5D890}.Release|x64.Build.0 = Release|x64
		{97BA5F6C-21A6-44CA-BCBE-8106B2B5D890}.Release|x86.ActiveCfg = Release|Win32
		{97BA5F6C-21A6-44CA-BCBE-8106B2B5D890}.Release|x86.Build.0 = Release|Win32
	EndGlobalSection
	GlobalSection(SolutionProperties) = preSolution
		HideSolutionNode = FALSE
	EndGlobalSection
	GlobalSection(ExtensibilityGlobals) = postSolution
		SolutionGuid = {0D1AC6B1-C0A7-4DB3-93E7-D7B3F6F62A8A}
	EndGlobalSection
EndGlobal
